
Microsoft Visual Studio Solution File, Format Version 12.00
# Visual Studio 14
VisualStudioVersion = 14.0.24720.0
MinimumVisualStudioVersion = 10.0.40219.1
Project("{FAE04EC0-301F-11D3-BF4B-00C04F79EFBC}") = "TestDataService", "TestDataService\TestDataService.csproj", "{C88203D6-E0F0-4437-9242-7F98E0D49FC9}"
EndProject
Project("{E24C65DC-7377-472B-9ABA-BC803B73C61A}") = "TestSite(1)", "TestSite\", "{C9D0787D-8951-4963-BE59-925B9E688BFD}"
	ProjectSection(WebsiteProperties) = preProject
		TargetFrameworkMoniker = ".NETFramework,Version%3Dv4.5.2"
		Debug.AspNetCompiler.VirtualPath = "/localhost_52028"
		Debug.AspNetCompiler.PhysicalPath = "TestSite\"
		Debug.AspNetCompiler.TargetPath = "PrecompiledWeb\localhost_52028\"
		Debug.AspNetCompiler.Updateable = "true"
		Debug.AspNetCompiler.ForceOverwrite = "true"
		Debug.AspNetCompiler.FixedNames = "false"
		Debug.AspNetCompiler.Debug = "True"
		Release.AspNetCompiler.VirtualPath = "/localhost_52028"
		Release.AspNetCompiler.PhysicalPath = "TestSite\"
		Release.AspNetCompiler.TargetPath = "PrecompiledWeb\localhost_52028\"
		Release.AspNetCompiler.Updateable = "true"
		Release.AspNetCompiler.ForceOverwrite = "true"
		Release.AspNetCompiler.FixedNames = "false"
		Release.AspNetCompiler.Debug = "False"
		VWDPort = "52028"
		SlnRelativePath = "TestSite\"
		DefaultWebSiteLanguage = "Visual C#"
	EndProjectSection
EndProject
Global
	GlobalSection(SolutionConfigurationPlatforms) = preSolution
		Debug|Any CPU = Debug|Any CPU
		Release|Any CPU = Release|Any CPU
	EndGlobalSection
	GlobalSection(ProjectConfigurationPlatforms) = postSolution
		{C88203D6-E0F0-4437-9242-7F98E0D49FC9}.Debug|Any CPU.ActiveCfg = Debug|Any CPU
		{C88203D6-E0F0-4437-9242-7F98E0D49FC9}.Debug|Any CPU.Build.0 = Debug|Any CPU
		{C88203D6-E0F0-4437-9242-7F98E0D49FC9}.Release|Any CPU.ActiveCfg = Release|Any CPU
		{C88203D6-E0F0-4437-9242-7F98E0D49FC9}.Release|Any CPU.Build.0 = Release|Any CPU
		{C9D0787D-8951-4963-BE59-925B9E688BFD}.Debug|Any CPU.ActiveCfg = Debug|Any CPU
		{C9D0787D-8951-4963-BE59-925B9E688BFD}.Debug|Any CPU.Build.0 = Debug|Any CPU
		{C9D0787D-8951-4963-BE59-925B9E688BFD}.Release|Any CPU.ActiveCfg = Debug|Any CPU
		{C9D0787D-8951-4963-BE59-925B9E688BFD}.Release|Any CPU.Build.0 = Debug|Any CPU
	EndGlobalSection
	GlobalSection(SolutionProperties) = preSolution
		HideSolutionNode = FALSE
	EndGlobalSection
EndGlobal
